dependencies:
- name: kube-prometheus-stack
  repository: https://prometheus-community.github.io/helm-charts
  version: 57.0.2
- name: redis-operator
  repository: https://ot-container-kit.github.io/helm-charts
  version: 0.25.0
digest: sha256:2cc4e67006be87e6ce5cda45b025b7a56b3fde966c0f5cd81d1fb9e490d08183
generated: "2026-07-23T04:50:31.896353427Z"
